
Microsoft Visual Studio Solution File, Format Version 12.00
Project("{FAE04EC0-301F-11D3-BF4B-00C04F79EFBC}") = "PiedTeam_NET1_2-Buoi3", "PiedTeam_NET1_2-Buoi3\PiedTeam_NET1_2-Buoi3.csproj", "{5F78FE5A-4844-4158-AE8A-A64F1D96EE5A}"
EndProject
Global
	GlobalSection(SolutionConfigurationPlatforms) = preSolution
		Debug|Any CPU = Debug|Any CPU
		Release|Any CPU = Release|Any CPU
	EndGlobalSection
	GlobalSection(ProjectConfigurationPlatforms) = postSolution
		{5F78FE5A-4844-4158-AE8A-A64F1D96EE5A}.Debug|Any CPU.ActiveCfg = Debug|Any CPU
		{5F78FE5A-4844-4158-AE8A-A64F1D96EE5A}.Debug|Any CPU.Build.0 = Debug|Any CPU
		{5F78FE5A-4844-4158-AE8A-A64F1D96EE5A}.Release|Any CPU.ActiveCfg = Release|Any CPU
		{5F78FE5A-4844-4158-AE8A-A64F1D96EE5A}.Release|Any CPU.Build.0 = Release|Any CPU
	EndGlobalSection
EndGlobal
